
Microsoft Visual Studio Solution File, Format Version 12.00
# Visual Studio 14
VisualStudioVersion = 14.0.25420.1
MinimumVisualStudioVersion = 10.0.40219.1
Project("{8BC9CEB8-8B4A-11D0-8D11-00A0C91BC942}") = "car", "car\car.vcxproj", "{B0B2B46D-5CA6-4C78-84E8-A8CCC3B8833D}"
EndProject
Project("{8BC9CEB8-8B4A-11D0-8D11-00A0C91BC942}") = "car_tests", "car_tests\car_tests.vcxproj", "{36772233-6161-46BC-A027-86411E1998BE}"
EndProject
Project("{8BC9CEB8-8B4A-11D0-8D11-00A0C91BC942}") = "calculator", "calculator\calculator.vcxproj", "{847298BB-2EC6-4756-B110-0EBF7FFC9B6E}"
EndProject
Project("{8BC9CEB8-8B4A-11D0-8D11-00A0C91BC942}") = "calculator_tests", "calculator_tests\calculator_tests.vcxproj", "{BEBCA03C-532D-4D83-9E4F-AB262BFD11A2}"
EndProject
Global
	GlobalSection(SolutionConfigurationPlatforms) = preSolution
		Debug|x64 = Debug|x64
		Debug|x86 = Debug|x86
		Release|x64 = Release|x64
		Release|x86 = Release|x86
	EndGlobalSection
	GlobalSection(ProjectConfigurationPlatforms) = postSolution
		{B0B2B46D-5CA6-4C78-84E8-A8CCC3B8833D}.Debug|x64.ActiveCfg = Debug|x64
		{B0B2B46D-5CA6-4C78-84E8-A8CCC3B8833D}.Debug|x64.Build.0 = Debug|x64
		{B0B2B46D-5CA6-4C78-84E8-A8CCC3B8833D}.Debug|x86.ActiveCfg = Debug|Win32
		{B0B2B46D-5CA6-4C78-84E8-A8CCC3B8833D}.Debug|x86.Build.0 = Debug|Win32
		{B0B2B46D-5CA6-4C78-84E8-A8CCC3B8833D}.Release|x64.ActiveCfg = Release|x64
		{B0B2B46D-5CA6-4C78-84E8-A8CCC3B8833D}.Release|x64.Build.0 = Release|x64
		{B0B2B46D-5CA6-4C78-84E8-A8CCC3B8833D}.Release|x86.ActiveCfg = Release|Win32
		{B0B2B46D-5CA6-4C78-84E8-A8CCC3B8833D}.Release|x86.Build.0 = Release|Win32
		{36772233-6161-46BC-A027-86411E1998BE}.Debug|x64.ActiveCfg = Debug|x64
		{36772233-6161-46BC-A027-86411E1998BE}.Debug|x64.Build.0 = Debug|x64
		{36772233-6161-46BC-A027-86411E1998BE}.Debug|x86.ActiveCfg = Debug|Win32
		{36772233-6161-46BC-A027-86411E1998BE}.Debug|x86.Build.0 = Debug|Win32
		{36772233-6161-46BC-A027-86411E1998BE}.Release|x64.ActiveCfg = Release|x64
		{36772233-6161-46BC-A027-86411E1998BE}.Release|x64.Build.0 = Release|x64
		{36772233-6161-46BC-A027-86411E1998BE}.Release|x86.ActiveCfg = Release|Win32
		{36772233-6161-46BC-A027-86411E1998BE}.Release|x86.Build.0 = Release|Win32
		{847298BB-2EC6-4756-B110-0EBF7FFC9B6E}.Debug|x64.ActiveCfg = Debug|x64
		{847298BB-2EC6-4756-B110-0EBF7FFC9B6E}.Debug|x64.Build.0 = Debug|x64
		{847298BB-2EC6-4756-B110-0EBF7FFC9B6E}.Debug|x86.ActiveCfg = Debug|Win32
		{847298BB-2EC6-4756-B110-0EBF7FFC9B6E}.Debug|x86.Build.0 = Debug|Win32
		{847298BB-2EC6-4756-B110-0EBF7FFC9B6E}.Release|x64.ActiveCfg = Release|x64
		{847298BB-2EC6-4756-B110-0EBF7FFC9B6E}.Release|x64.Build.0 = Release|x64
		{847298BB-2EC6-4756-B110-0EBF7FFC9B6E}.Release|x86.ActiveCfg = Release|Win32
		{847298BB-2EC6-4756-B110-0EBF7FFC9B6E}.Release|x86.Build.0 = Release|Win32
		{BEBCA03C-532D-4D83-9E4F-AB262BFD11A2}.Debug|x64.ActiveCfg = Debug|x64
		{BEBCA03C-532D-4D83-9E4F-AB262BFD11A2}.Debug|x64.Build.0 = Debug|x64
		{BEBCA03C-532D-4D83-9E4F-AB262BFD11A2}.Debug|x86.ActiveCfg = Debug|Win32
		{BEBCA03C-532D-4D83-9E4F-AB262BFD11A2}.Debug|x86.Build.0 = Debug|Win32
		{BEBCA03C-532D-4D83-9E4F-AB262BFD11A2}.Release|x64.ActiveCfg = Release|x64
		{BEBCA03C-532D-4D83-9E4F-AB262BFD11A2}.Release|x64.Build.0 = Release|x64
		{BEBCA03C-532D-4D83-9E4F-AB262BFD11A2}.Release|x86.ActiveCfg = Release|Win32
		{BEBCA03C-532D-4D83-9E4F-AB262BFD11A2}.Release|x86.Build.0 = Release|Win32
	EndGlobalSection
	GlobalSection(SolutionProperties) = preSolution
		HideSolutionNode = FALSE
	EndGlobalSection
EndGlobal
