
Microsoft Visual Studio Solution File, Format Version 12.00
# Visual Studio 14
VisualStudioVersion = 14.0.25420.1
MinimumVisualStudioVersion = 10.0.40219.1
Project("{8BC9CEB8-8B4A-11D0-8D11-00A0C91BC942}") = "lw2", "lw2\lw2.vcxproj", "{457499F5-F979-440C-85D0-C6577661CDFC}"
EndProject
Project("{8BC9CEB8-8B4A-11D0-8D11-00A0C91BC942}") = "SetProcessPriority", "lw3\lw3.vcxproj", "{027446D8-D697-4FF9-B88F-4EB00F924BC9}"
EndProject
Project("{8BC9CEB8-8B4A-11D0-8D11-00A0C91BC942}") = "lw4_1", "lw4_1\lw4_1.vcxproj", "{1E3840E4-C2ED-4B37-BDB0-CBDAD7A09CEB}"
EndProject
Project("{8BC9CEB8-8B4A-11D0-8D11-00A0C91BC942}") = "lw4_2", "lw4_2\lw4_2.vcxproj", "{6EE24134-BE7A-4CC1-A380-3A5C7F49585C}"
EndProject
Project("{8BC9CEB8-8B4A-11D0-8D11-00A0C91BC942}") = "lw5", "lw5\lw5.vcxproj", "{E9BFCE91-79E0-4D41-94EE-520574F60E6F}"
EndProject
Project("{8BC9CEB8-8B4A-11D0-8D11-00A0C91BC942}") = "lw6", "lw6\lw6.vcxproj", "{1392D407-A570-4E96-A114-B15781AAFF3D}"
EndProject
Project("{8BC9CEB8-8B4A-11D0-8D11-00A0C91BC942}") = "lw7", "lw7\lw7.vcxproj", "{A8523F80-7AB5-486B-BDA1-FB29A0BFB897}"
EndProject
Global
	GlobalSection(SolutionConfigurationPlatforms) = preSolution
		Debug|x64 = Debug|x64
		Debug|x86 = Debug|x86
		Release|x64 = Release|x64
		Release|x86 = Release|x86
	EndGlobalSection
	GlobalSection(ProjectConfigurationPlatforms) = postSolution
		{457499F5-F979-440C-85D0-C6577661CDFC}.Debug|x64.ActiveCfg = Debug|x64
		{457499F5-F979-440C-85D0-C6577661CDFC}.Debug|x64.Build.0 = Debug|x64
		{457499F5-F979-440C-85D0-C6577661CDFC}.Debug|x86.ActiveCfg = Debug|Win32
		{457499F5-F979-440C-85D0-C6577661CDFC}.Debug|x86.Build.0 = Debug|Win32
		{457499F5-F979-440C-85D0-C6577661CDFC}.Release|x64.ActiveCfg = Release|x64
		{457499F5-F979-440C-85D0-C6577661CDFC}.Release|x64.Build.0 = Release|x64
		{457499F5-F979-440C-85D0-C6577661CDFC}.Release|x86.ActiveCfg = Release|Win32
		{457499F5-F979-440C-85D0-C6577661CDFC}.Release|x86.Build.0 = Release|Win32
		{027446D8-D697-4FF9-B88F-4EB00F924BC9}.Debug|x64.ActiveCfg = Debug|x64
		{027446D8-D697-4FF9-B88F-4EB00F924BC9}.Debug|x64.Build.0 = Debug|x64
		{027446D8-D697-4FF9-B88F-4EB00F924BC9}.Debug|x86.ActiveCfg = Debug|Win32
		{027446D8-D697-4FF9-B88F-4EB00F924BC9}.Debug|x86.Build.0 = Debug|Win32
		{027446D8-D697-4FF9-B88F-4EB00F924BC9}.Release|x64.ActiveCfg = Release|x64
		{027446D8-D697-4FF9-B88F-4EB00F924BC9}.Release|x64.Build.0 = Release|x64
		{027446D8-D697-4FF9-B88F-4EB00F924BC9}.Release|x86.ActiveCfg = Release|Win32
		{027446D8-D697-4FF9-B88F-4EB00F924BC9}.Release|x86.Build.0 = Release|Win32
		{1E3840E4-C2ED-4B37-BDB0-CBDAD7A09CEB}.Debug|x64.ActiveCfg = Debug|x64
		{1E3840E4-C2ED-4B37-BDB0-CBDAD7A09CEB}.Debug|x64.Build.0 = Debug|x64
		{1E3840E4-C2ED-4B37-BDB0-CBDAD7A09CEB}.Debug|x86.ActiveCfg = Debug|Win32
		{1E3840E4-C2ED-4B37-BDB0-CBDAD7A09CEB}.Debug|x86.Build.0 = Debug|Win32
		{1E3840E4-C2ED-4B37-BDB0-CBDAD7A09CEB}.Release|x64.ActiveCfg = Release|x64
		{1E3840E4-C2ED-4B37-BDB0-CBDAD7A09CEB}.Release|x64.Build.0 = Release|x64
		{1E3840E4-C2ED-4B37-BDB0-CBDAD7A09CEB}.Release|x86.ActiveCfg = Release|Win32
		{1E3840E4-C2ED-4B37-BDB0-CBDAD7A09CEB}.Release|x86.Build.0 = Release|Win32
		{6EE24134-BE7A-4CC1-A380-3A5C7F49585C}.Debug|x64.ActiveCfg = Debug|x64
		{6EE24134-BE7A-4CC1-A380-3A5C7F49585C}.Debug|x64.Build.0 = Debug|x64
		{6EE24134-BE7A-4CC1-A380-3A5C7F49585C}.Debug|x86.ActiveCfg = Debug|Win32
		{6EE24134-BE7A-4CC1-A380-3A5C7F49585C}.Debug|x86.Build.0 = Debug|Win32
		{6EE24134-BE7A-4CC1-A380-3A5C7F49585C}.Release|x64.ActiveCfg = Release|x64
		{6EE24134-BE7A-4CC1-A380-3A5C7F49585C}.Release|x64.Build.0 = Release|x64
		{6EE24134-BE7A-4CC1-A380-3A5C7F49585C}.Release|x86.ActiveCfg = Release|Win32
		{6EE24134-BE7A-4CC1-A380-3A5C7F49585C}.Release|x86.Build.0 = Release|Win32
		{E9BFCE91-79E0-4D41-94EE-520574F60E6F}.Debug|x64.ActiveCfg = Debug|x64
		{E9BFCE91-79E0-4D41-94EE-520574F60E6F}.Debug|x64.Build.0 = Debug|x64
		{E9BFCE91-79E0-4D41-94EE-520574F60E6F}.Debug|x86.ActiveCfg = Debug|Win32
		{E9BFCE91-79E0-4D41-94EE-520574F60E6F}.Debug|x86.Build.0 = Debug|Win32
		{E9BFCE91-79E0-4D41-94EE-520574F60E6F}.Release|x64.ActiveCfg = Release|x64
		{E9BFCE91-79E0-4D41-94EE-520574F60E6F}.Release|x64.Build.0 = Release|x64
		{E9BFCE91-79E0-4D41-94EE-520574F60E6F}.Release|x86.ActiveCfg = Release|Win32
		{E9BFCE91-79E0-4D41-94EE-520574F60E6F}.Release|x86.Build.0 = Release|Win32
		{1392D407-A570-4E96-A114-B15781AAFF3D}.Debug|x64.ActiveCfg = Debug|x64
		{1392D407-A570-4E96-A114-B15781AAFF3D}.Debug|x64.Build.0 = Debug|x64
		{1392D407-A570-4E96-A114-B15781AAFF3D}.Debug|x86.ActiveCfg = Debug|Win32
		{1392D407-A570-4E96-A114-B15781AAFF3D}.Debug|x86.Build.0 = Debug|Win32
		{1392D407-A570-4E96-A114-B15781AAFF3D}.Release|x64.ActiveCfg = Release|x64
		{1392D407-A570-4E96-A114-B15781AAFF3D}.Release|x64.Build.0 = Release|x64
		{1392D407-A570-4E96-A114-B15781AAFF3D}.Release|x86.ActiveCfg = Release|Win32
		{1392D407-A570-4E96-A114-B15781AAFF3D}.Release|x86.Build.0 = Release|Win32
		{A8523F80-7AB5-486B-BDA1-FB29A0BFB897}.Debug|x64.ActiveCfg = Debug|x64
		{A8523F80-7AB5-486B-BDA1-FB29A0BFB897}.Debug|x64.Build.0 = Debug|x64
		{A8523F80-7AB5-486B-BDA1-FB29A0BFB897}.Debug|x86.ActiveCfg = Debug|Win32
		{A8523F80-7AB5-486B-BDA1-FB29A0BFB897}.Debug|x86.Build.0 = Debug|Win32
		{A8523F80-7AB5-486B-BDA1-FB29A0BFB897}.Release|x64.ActiveCfg = Release|x64
		{A8523F80-7AB5-486B-BDA1-FB29A0BFB897}.Release|x64.Build.0 = Release|x64
		{A8523F80-7AB5-486B-BDA1-FB29A0BFB897}.Release|x86.ActiveCfg = Release|Win32
		{A8523F80-7AB5-486B-BDA1-FB29A0BFB897}.Release|x86.Build.0 = Release|Win32
	EndGlobalSection
	GlobalSection(SolutionProperties) = preSolution
		HideSolutionNode = FALSE
	EndGlobalSection
EndGlobal
