
Microsoft Visual Studio Solution File, Format Version 12.00
# Visual Studio 14
VisualStudioVersion = 14.0.25420.1
MinimumVisualStudioVersion = 10.0.40219.1
Project("{8BC9CEB8-8B4A-11D0-8D11-00A0C91BC942}") = "FindMaxEx", "FindMaxEx\FindMaxEx.vcxproj", "{CA77870A-1082-4DC7-A692-85B9E6E4B620}"
EndProject
Project("{8BC9CEB8-8B4A-11D0-8D11-00A0C91BC942}") = "FindMaxEx_tests", "FindMaxEx_tests\FindMaxEx_tests.vcxproj", "{E0549630-C72D-4E7C-B3F4-E75EE13C7399}"
EndProject
Project("{8BC9CEB8-8B4A-11D0-8D11-00A0C91BC942}") = "MyArray", "MyArray\MyArray.vcxproj", "{77DC1C14-7B2C-462B-846C-FE17771D6545}"
EndProject
Project("{8BC9CEB8-8B4A-11D0-8D11-00A0C91BC942}") = "MyArray_tests", "MyArray_tests\MyArray_tests.vcxproj", "{19A1BF26-7AD4-4CAD-AAA4-8C662F5FF475}"
EndProject
Global
	GlobalSection(SolutionConfigurationPlatforms) = preSolution
		Debug|x64 = Debug|x64
		Debug|x86 = Debug|x86
		Release|x64 = Release|x64
		Release|x86 = Release|x86
	EndGlobalSection
	GlobalSection(ProjectConfigurationPlatforms) = postSolution
		{CA77870A-1082-4DC7-A692-85B9E6E4B620}.Debug|x64.ActiveCfg = Debug|x64
		{CA77870A-1082-4DC7-A692-85B9E6E4B620}.Debug|x64.Build.0 = Debug|x64
		{CA77870A-1082-4DC7-A692-85B9E6E4B620}.Debug|x86.ActiveCfg = Debug|Win32
		{CA77870A-1082-4DC7-A692-85B9E6E4B620}.Debug|x86.Build.0 = Debug|Win32
		{CA77870A-1082-4DC7-A692-85B9E6E4B620}.Release|x64.ActiveCfg = Release|x64
		{CA77870A-1082-4DC7-A692-85B9E6E4B620}.Release|x64.Build.0 = Release|x64
		{CA77870A-1082-4DC7-A692-85B9E6E4B620}.Release|x86.ActiveCfg = Release|Win32
		{CA77870A-1082-4DC7-A692-85B9E6E4B620}.Release|x86.Build.0 = Release|Win32
		{E0549630-C72D-4E7C-B3F4-E75EE13C7399}.Debug|x64.ActiveCfg = Debug|x64
		{E0549630-C72D-4E7C-B3F4-E75EE13C7399}.Debug|x64.Build.0 = Debug|x64
		{E0549630-C72D-4E7C-B3F4-E75EE13C7399}.Debug|x86.ActiveCfg = Debug|Win32
		{E0549630-C72D-4E7C-B3F4-E75EE13C7399}.Debug|x86.Build.0 = Debug|Win32
		{E0549630-C72D-4E7C-B3F4-E75EE13C7399}.Release|x64.ActiveCfg = Release|x64
		{E0549630-C72D-4E7C-B3F4-E75EE13C7399}.Release|x64.Build.0 = Release|x64
		{E0549630-C72D-4E7C-B3F4-E75EE13C7399}.Release|x86.ActiveCfg = Release|Win32
		{E0549630-C72D-4E7C-B3F4-E75EE13C7399}.Release|x86.Build.0 = Release|Win32
		{77DC1C14-7B2C-462B-846C-FE17771D6545}.Debug|x64.ActiveCfg = Debug|x64
		{77DC1C14-7B2C-462B-846C-FE17771D6545}.Debug|x64.Build.0 = Debug|x64
		{77DC1C14-7B2C-462B-846C-FE17771D6545}.Debug|x86.ActiveCfg = Debug|Win32
		{77DC1C14-7B2C-462B-846C-FE17771D6545}.Debug|x86.Build.0 = Debug|Win32
		{77DC1C14-7B2C-462B-846C-FE17771D6545}.Release|x64.ActiveCfg = Release|x64
		{77DC1C14-7B2C-462B-846C-FE17771D6545}.Release|x64.Build.0 = Release|x64
		{77DC1C14-7B2C-462B-846C-FE17771D6545}.Release|x86.ActiveCfg = Release|Win32
		{77DC1C14-7B2C-462B-846C-FE17771D6545}.Release|x86.Build.0 = Release|Win32
		{19A1BF26-7AD4-4CAD-AAA4-8C662F5FF475}.Debug|x64.ActiveCfg = Debug|x64
		{19A1BF26-7AD4-4CAD-AAA4-8C662F5FF475}.Debug|x64.Build.0 = Debug|x64
		{19A1BF26-7AD4-4CAD-AAA4-8C662F5FF475}.Debug|x86.ActiveCfg = Debug|Win32
		{19A1BF26-7AD4-4CAD-AAA4-8C662F5FF475}.Debug|x86.Build.0 = Debug|Win32
		{19A1BF26-7AD4-4CAD-AAA4-8C662F5FF475}.Release|x64.ActiveCfg = Release|x64
		{19A1BF26-7AD4-4CAD-AAA4-8C662F5FF475}.Release|x64.Build.0 = Release|x64
		{19A1BF26-7AD4-4CAD-AAA4-8C662F5FF475}.Release|x86.ActiveCfg = Release|Win32
		{19A1BF26-7AD4-4CAD-AAA4-8C662F5FF475}.Release|x86.Build.0 = Release|Win32
	EndGlobalSection
	GlobalSection(SolutionProperties) = preSolution
		HideSolutionNode = FALSE
	EndGlobalSection
EndGlobal
