
Microsoft Visual Studio Solution File, Format Version 12.00
# Visual Studio 15
VisualStudioVersion = 15.0.28307.168
MinimumVisualStudioVersion = 10.0.40219.1
Project("{8BC9CEB8-8B4A-11D0-8D11-00A0C91BC942}") = "FindAndReplace", "FindAndReplace\FindAndReplace.vcxproj", "{6D6F249D-3068-4637-807D-E314E6C21E35}"
EndProject
Project("{8BC9CEB8-8B4A-11D0-8D11-00A0C91BC942}") = "FindAndReplace_tests", "FindAndReplace_tests\FindAndReplace_tests.vcxproj", "{E4BB3AFA-2448-4E15-9EF8-3013F9E0CE0A}"
EndProject
Project("{8BC9CEB8-8B4A-11D0-8D11-00A0C91BC942}") = "primes", "primes\primes.vcxproj", "{8BE1AEE2-87CC-4D82-BCE1-B9D451EC4BF9}"
EndProject
Project("{8BC9CEB8-8B4A-11D0-8D11-00A0C91BC942}") = "primes_tests", "primes_tests\primes_tests.vcxproj", "{E5823BFB-57B3-49EE-91DB-3A4A0880A3AD}"
EndProject
Project("{8BC9CEB8-8B4A-11D0-8D11-00A0C91BC942}") = "vector", "vector\vector.vcxproj", "{E258DCC1-49D8-400E-A36B-9C9056A39FCE}"
EndProject
Project("{8BC9CEB8-8B4A-11D0-8D11-00A0C91BC942}") = "vector_tests", "vector_tests\vector_tests.vcxproj", "{EA0E4C52-3FB3-46DC-A7E6-D2574DB06489}"
EndProject
Project("{8BC9CEB8-8B4A-11D0-8D11-00A0C91BC942}") = "parser", "parser\parser.vcxproj", "{8AE728B8-CBF9-4388-BCAA-6B1B583CE475}"
EndProject
Project("{8BC9CEB8-8B4A-11D0-8D11-00A0C91BC942}") = "parser_test", "parser_test\parser_test.vcxproj", "{8457759F-FC10-4EA3-A847-2644A15A4580}"
EndProject
Project("{8BC9CEB8-8B4A-11D0-8D11-00A0C91BC942}") = "translator", "translator\translator.vcxproj", "{F70A3399-E628-4367-9637-FDD456583E8C}"
EndProject
Global
	GlobalSection(SolutionConfigurationPlatforms) = preSolution
		Debug|x64 = Debug|x64
		Debug|x86 = Debug|x86
		Release|x64 = Release|x64
		Release|x86 = Release|x86
	EndGlobalSection
	GlobalSection(ProjectConfigurationPlatforms) = postSolution
		{6D6F249D-3068-4637-807D-E314E6C21E35}.Debug|x64.ActiveCfg = Debug|x64
		{6D6F249D-3068-4637-807D-E314E6C21E35}.Debug|x64.Build.0 = Debug|x64
		{6D6F249D-3068-4637-807D-E314E6C21E35}.Debug|x86.ActiveCfg = Debug|Win32
		{6D6F249D-3068-4637-807D-E314E6C21E35}.Debug|x86.Build.0 = Debug|Win32
		{6D6F249D-3068-4637-807D-E314E6C21E35}.Release|x64.ActiveCfg = Release|x64
		{6D6F249D-3068-4637-807D-E314E6C21E35}.Release|x64.Build.0 = Release|x64
		{6D6F249D-3068-4637-807D-E314E6C21E35}.Release|x86.ActiveCfg = Release|Win32
		{6D6F249D-3068-4637-807D-E314E6C21E35}.Release|x86.Build.0 = Release|Win32
		{E4BB3AFA-2448-4E15-9EF8-3013F9E0CE0A}.Debug|x64.ActiveCfg = Debug|x64
		{E4BB3AFA-2448-4E15-9EF8-3013F9E0CE0A}.Debug|x64.Build.0 = Debug|x64
		{E4BB3AFA-2448-4E15-9EF8-3013F9E0CE0A}.Debug|x86.ActiveCfg = Debug|Win32
		{E4BB3AFA-2448-4E15-9EF8-3013F9E0CE0A}.Debug|x86.Build.0 = Debug|Win32
		{E4BB3AFA-2448-4E15-9EF8-3013F9E0CE0A}.Release|x64.ActiveCfg = Release|x64
		{E4BB3AFA-2448-4E15-9EF8-3013F9E0CE0A}.Release|x64.Build.0 = Release|x64
		{E4BB3AFA-2448-4E15-9EF8-3013F9E0CE0A}.Release|x86.ActiveCfg = Release|Win32
		{E4BB3AFA-2448-4E15-9EF8-3013F9E0CE0A}.Release|x86.Build.0 = Release|Win32
		{8BE1AEE2-87CC-4D82-BCE1-B9D451EC4BF9}.Debug|x64.ActiveCfg = Debug|x64
		{8BE1AEE2-87CC-4D82-BCE1-B9D451EC4BF9}.Debug|x64.Build.0 = Debug|x64
		{8BE1AEE2-87CC-4D82-BCE1-B9D451EC4BF9}.Debug|x86.ActiveCfg = Debug|Win32
		{8BE1AEE2-87CC-4D82-BCE1-B9D451EC4BF9}.Debug|x86.Build.0 = Debug|Win32
		{8BE1AEE2-87CC-4D82-BCE1-B9D451EC4BF9}.Release|x64.ActiveCfg = Release|x64
		{8BE1AEE2-87CC-4D82-BCE1-B9D451EC4BF9}.Release|x64.Build.0 = Release|x64
		{8BE1AEE2-87CC-4D82-BCE1-B9D451EC4BF9}.Release|x86.ActiveCfg = Release|Win32
		{8BE1AEE2-87CC-4D82-BCE1-B9D451EC4BF9}.Release|x86.Build.0 = Release|Win32
		{E5823BFB-57B3-49EE-91DB-3A4A0880A3AD}.Debug|x64.ActiveCfg = Debug|x64
		{E5823BFB-57B3-49EE-91DB-3A4A0880A3AD}.Debug|x64.Build.0 = Debug|x64
		{E5823BFB-57B3-49EE-91DB-3A4A0880A3AD}.Debug|x86.ActiveCfg = Debug|Win32
		{E5823BFB-57B3-49EE-91DB-3A4A0880A3AD}.Debug|x86.Build.0 = Debug|Win32
		{E5823BFB-57B3-49EE-91DB-3A4A0880A3AD}.Release|x64.ActiveCfg = Release|x64
		{E5823BFB-57B3-49EE-91DB-3A4A0880A3AD}.Release|x64.Build.0 = Release|x64
		{E5823BFB-57B3-49EE-91DB-3A4A0880A3AD}.Release|x86.ActiveCfg = Release|Win32
		{E5823BFB-57B3-49EE-91DB-3A4A0880A3AD}.Release|x86.Build.0 = Release|Win32
		{E258DCC1-49D8-400E-A36B-9C9056A39FCE}.Debug|x64.ActiveCfg = Debug|x64
		{E258DCC1-49D8-400E-A36B-9C9056A39FCE}.Debug|x64.Build.0 = Debug|x64
		{E258DCC1-49D8-400E-A36B-9C9056A39FCE}.Debug|x86.ActiveCfg = Debug|Win32
		{E258DCC1-49D8-400E-A36B-9C9056A39FCE}.Debug|x86.Build.0 = Debug|Win32
		{E258DCC1-49D8-400E-A36B-9C9056A39FCE}.Release|x64.ActiveCfg = Release|x64
		{E258DCC1-49D8-400E-A36B-9C9056A39FCE}.Release|x64.Build.0 = Release|x64
		{E258DCC1-49D8-400E-A36B-9C9056A39FCE}.Release|x86.ActiveCfg = Release|Win32
		{E258DCC1-49D8-400E-A36B-9C9056A39FCE}.Release|x86.Build.0 = Release|Win32
		{EA0E4C52-3FB3-46DC-A7E6-D2574DB06489}.Debug|x64.ActiveCfg = Debug|x64
		{EA0E4C52-3FB3-46DC-A7E6-D2574DB06489}.Debug|x64.Build.0 = Debug|x64
		{EA0E4C52-3FB3-46DC-A7E6-D2574DB06489}.Debug|x86.ActiveCfg = Debug|Win32
		{EA0E4C52-3FB3-46DC-A7E6-D2574DB06489}.Debug|x86.Build.0 = Debug|Win32
		{EA0E4C52-3FB3-46DC-A7E6-D2574DB06489}.Release|x64.ActiveCfg = Release|x64
		{EA0E4C52-3FB3-46DC-A7E6-D2574DB06489}.Release|x64.Build.0 = Release|x64
		{EA0E4C52-3FB3-46DC-A7E6-D2574DB06489}.Release|x86.ActiveCfg = Release|Win32
		{EA0E4C52-3FB3-46DC-A7E6-D2574DB06489}.Release|x86.Build.0 = Release|Win32
		{8AE728B8-CBF9-4388-BCAA-6B1B583CE475}.Debug|x64.ActiveCfg = Debug|x64
		{8AE728B8-CBF9-4388-BCAA-6B1B583CE475}.Debug|x64.Build.0 = Debug|x64
		{8AE728B8-CBF9-4388-BCAA-6B1B583CE475}.Debug|x86.ActiveCfg = Debug|Win32
		{8AE728B8-CBF9-4388-BCAA-6B1B583CE475}.Debug|x86.Build.0 = Debug|Win32
		{8AE728B8-CBF9-4388-BCAA-6B1B583CE475}.Release|x64.ActiveCfg = Release|x64
		{8AE728B8-CBF9-4388-BCAA-6B1B583CE475}.Release|x64.Build.0 = Release|x64
		{8AE728B8-CBF9-4388-BCAA-6B1B583CE475}.Release|x86.ActiveCfg = Release|Win32
		{8AE728B8-CBF9-4388-BCAA-6B1B583CE475}.Release|x86.Build.0 = Release|Win32
		{8457759F-FC10-4EA3-A847-2644A15A4580}.Debug|x64.ActiveCfg = Debug|x64
		{8457759F-FC10-4EA3-A847-2644A15A4580}.Debug|x64.Build.0 = Debug|x64
		{8457759F-FC10-4EA3-A847-2644A15A4580}.Debug|x86.ActiveCfg = Debug|Win32
		{8457759F-FC10-4EA3-A847-2644A15A4580}.Debug|x86.Build.0 = Debug|Win32
		{8457759F-FC10-4EA3-A847-2644A15A4580}.Release|x64.ActiveCfg = Release|x64
		{8457759F-FC10-4EA3-A847-2644A15A4580}.Release|x64.Build.0 = Release|x64
		{8457759F-FC10-4EA3-A847-2644A15A4580}.Release|x86.ActiveCfg = Release|Win32
		{8457759F-FC10-4EA3-A847-2644A15A4580}.Release|x86.Build.0 = Release|Win32
		{F70A3399-E628-4367-9637-FDD456583E8C}.Debug|x64.ActiveCfg = Debug|x64
		{F70A3399-E628-4367-9637-FDD456583E8C}.Debug|x64.Build.0 = Debug|x64
		{F70A3399-E628-4367-9637-FDD456583E8C}.Debug|x86.ActiveCfg = Debug|Win32
		{F70A3399-E628-4367-9637-FDD456583E8C}.Debug|x86.Build.0 = Debug|Win32
		{F70A3399-E628-4367-9637-FDD456583E8C}.Release|x64.ActiveCfg = Release|x64
		{F70A3399-E628-4367-9637-FDD456583E8C}.Release|x64.Build.0 = Release|x64
		{F70A3399-E628-4367-9637-FDD456583E8C}.Release|x86.ActiveCfg = Release|Win32
		{F70A3399-E628-4367-9637-FDD456583E8C}.Release|x86.Build.0 = Release|Win32
	EndGlobalSection
	GlobalSection(SolutionProperties) = preSolution
		HideSolutionNode = FALSE
	EndGlobalSection
	GlobalSection(ExtensibilityGlobals) = postSolution
		SolutionGuid = {9F7F77E4-489C-4C34-B28A-26583AD2AA46}
	EndGlobalSection
EndGlobal
